
Microsoft Visual Studio Solution File, Format Version 12.00
# Visual Studio 15
Project("{FAE04EC0-301F-11D3-BF4B-00C04F79EFBC}") = "Mirror.Examples", "Mirror.Examples.csproj", "{0B65415F-9B31-AADD-B516-AA9F4020FAF1}"
EndProject
Project("{FAE04EC0-301F-11D3-BF4B-00C04F79EFBC}") = "Mirror", "Mirror.csproj", "{3E6CBEFB-7F52-4469-8AD8-5F85BCBD32E1}"
EndProject
Project("{FAE04EC0-301F-11D3-BF4B-00C04F79EFBC}") = "CFXREditor", "CFXREditor.csproj", "{B4D1BA69-D5DE-095B-BEA6-C8766BF61A88}"
EndProject
Project("{FAE04EC0-301F-11D3-BF4B-00C04F79EFBC}") = "Unity.Mirror.CodeGen", "Unity.Mirror.CodeGen.csproj", "{39250696-67E0-C000-1E25-2D08F4862002}"
EndProject
Project("{FAE04EC0-301F-11D3-BF4B-00C04F79EFBC}") = "CFXRRuntime", "CFXRRuntime.csproj", "{3E5D8A1E-5DE7-C28A-ED0A-FCA6F9311069}"
EndProject
Project("{FAE04EC0-301F-11D3-BF4B-00C04F79EFBC}") = "Mirror.Components", "Mirror.Components.csproj", "{55933724-5E19-666E-2EC4-F5B5082BD6BD}"
EndProject
Project("{FAE04EC0-301F-11D3-BF4B-00C04F79EFBC}") = "kcp2k", "kcp2k.csproj", "{22811213-8F49-B1C2-163B-F4AAF7C29556}"
EndProject
Project("{FAE04EC0-301F-11D3-BF4B-00C04F79EFBC}") = "Mirror.Editor", "Mirror.Editor.csproj", "{86219B05-7691-07B5-6AD3-8C651E0C3C0F}"
EndProject
Project("{FAE04EC0-301F-11D3-BF4B-00C04F79EFBC}") = "Assembly-CSharp", "Assembly-CSharp.csproj", "{F06828C4-0554-1043-B01E-8CF49BE0068C}"
EndProject
Project("{FAE04EC0-301F-11D3-BF4B-00C04F79EFBC}") = "Telepathy", "Telepathy.csproj", "{BDC7C670-F723-A6D9-B9FE-B5D2CE60001B}"
EndProject
Project("{FAE04EC0-301F-11D3-BF4B-00C04F79EFBC}") = "SimpleWebTransport", "SimpleWebTransport.csproj", "{7A7ED8EA-D2D2-4A66-0BC2-DA7EDCF95DE5}"
EndProject
Project("{FAE04EC0-301F-11D3-BF4B-00C04F79EFBC}") = "CFXR.WelcomeScreen", "CFXR.WelcomeScreen.csproj", "{FD6088E3-C474-2396-EA53-FD4E926B5A6C}"
EndProject
Project("{FAE04EC0-301F-11D3-BF4B-00C04F79EFBC}") = "Mirror.Authenticators", "Mirror.Authenticators.csproj", "{FBE16B88-8E35-D713-B442-47699ABA327D}"
EndProject
Project("{FAE04EC0-301F-11D3-BF4B-00C04F79EFBC}") = "CFXRDemo", "CFXRDemo.csproj", "{E56029DD-5F84-2994-6FEC-28D42AE09CF4}"
EndProject
Project("{FAE04EC0-301F-11D3-BF4B-00C04F79EFBC}") = "Mirror.Transports", "Mirror.Transports.csproj", "{DE5F2D01-4C2F-1389-AB2A-2BC31A58FAED}"
EndProject
Project("{FAE04EC0-301F-11D3-BF4B-00C04F79EFBC}") = "ToonyColorsPro.Demo.Editor", "ToonyColorsPro.Demo.Editor.csproj", "{4BCFA18D-020C-A34F-0870-55EE148596BA}"
EndProject
Project("{FAE04EC0-301F-11D3-BF4B-00C04F79EFBC}") = "Mirror.CompilerSymbols", "Mirror.CompilerSymbols.csproj", "{39DD53F9-E3D1-6291-9C5D-FD136C62BB46}"
EndProject
Project("{FAE04EC0-301F-11D3-BF4B-00C04F79EFBC}") = "KinoBloom.Runtime", "KinoBloom.Runtime.csproj", "{F5F66FCF-AAAF-A773-B1AB-BAAF5DCCA332}"
EndProject
Global
	GlobalSection(SolutionConfigurationPlatforms) = preSolution
		Debug|Any CPU = Debug|Any CPU
		Release|Any CPU = Release|Any CPU
	EndGlobalSection
	GlobalSection(ProjectConfigurationPlatforms) = postSolution
		{0B65415F-9B31-AADD-B516-AA9F4020FAF1}.Debug|Any CPU.ActiveCfg = Debug|Any CPU
		{0B65415F-9B31-AADD-B516-AA9F4020FAF1}.Debug|Any CPU.Build.0 = Debug|Any CPU
		{0B65415F-9B31-AADD-B516-AA9F4020FAF1}.Release|Any CPU.ActiveCfg = Release|Any CPU
		{0B65415F-9B31-AADD-B516-AA9F4020FAF1}.Release|Any CPU.Build.0 = Release|Any CPU
		{3E6CBEFB-7F52-4469-8AD8-5F85BCBD32E1}.Debug|Any CPU.ActiveCfg = Debug|Any CPU
		{3E6CBEFB-7F52-4469-8AD8-5F85BCBD32E1}.Debug|Any CPU.Build.0 = Debug|Any CPU
		{3E6CBEFB-7F52-4469-8AD8-5F85BCBD32E1}.Release|Any CPU.ActiveCfg = Release|Any CPU
		{3E6CBEFB-7F52-4469-8AD8-5F85BCBD32E1}.Release|Any CPU.Build.0 = Release|Any CPU
		{B4D1BA69-D5DE-095B-BEA6-C8766BF61A88}.Debug|Any CPU.ActiveCfg = Debug|Any CPU
		{B4D1BA69-D5DE-095B-BEA6-C8766BF61A88}.Debug|Any CPU.Build.0 = Debug|Any CPU
		{B4D1BA69-D5DE-095B-BEA6-C8766BF61A88}.Release|Any CPU.ActiveCfg = Release|Any CPU
		{B4D1BA69-D5DE-095B-BEA6-C8766BF61A88}.Release|Any CPU.Build.0 = Release|Any CPU
		{39250696-67E0-C000-1E25-2D08F4862002}.Debug|Any CPU.ActiveCfg = Debug|Any CPU
		{39250696-67E0-C000-1E25-2D08F4862002}.Debug|Any CPU.Build.0 = Debug|Any CPU
		{39250696-67E0-C000-1E25-2D08F4862002}.Release|Any CPU.ActiveCfg = Release|Any CPU
		{39250696-67E0-C000-1E25-2D08F4862002}.Release|Any CPU.Build.0 = Release|Any CPU
		{3E5D8A1E-5DE7-C28A-ED0A-FCA6F9311069}.Debug|Any CPU.ActiveCfg = Debug|Any CPU
		{3E5D8A1E-5DE7-C28A-ED0A-FCA6F9311069}.Debug|Any CPU.Build.0 = Debug|Any CPU
		{3E5D8A1E-5DE7-C28A-ED0A-FCA6F9311069}.Release|Any CPU.ActiveCfg = Release|Any CPU
		{3E5D8A1E-5DE7-C28A-ED0A-FCA6F9311069}.Release|Any CPU.Build.0 = Release|Any CPU
		{55933724-5E19-666E-2EC4-F5B5082BD6BD}.Debug|Any CPU.ActiveCfg = Debug|Any CPU
		{55933724-5E19-666E-2EC4-F5B5082BD6BD}.Debug|Any CPU.Build.0 = Debug|Any CPU
		{55933724-5E19-666E-2EC4-F5B5082BD6BD}.Release|Any CPU.ActiveCfg = Release|Any CPU
		{55933724-5E19-666E-2EC4-F5B5082BD6BD}.Release|Any CPU.Build.0 = Release|Any CPU
		{22811213-8F49-B1C2-163B-F4AAF7C29556}.Debug|Any CPU.ActiveCfg = Debug|Any CPU
		{22811213-8F49-B1C2-163B-F4AAF7C29556}.Debug|Any CPU.Build.0 = Debug|Any CPU
		{22811213-8F49-B1C2-163B-F4AAF7C29556}.Release|Any CPU.ActiveCfg = Release|Any CPU
		{22811213-8F49-B1C2-163B-F4AAF7C29556}.Release|Any CPU.Build.0 = Release|Any CPU
		{86219B05-7691-07B5-6AD3-8C651E0C3C0F}.Debug|Any CPU.ActiveCfg = Debug|Any CPU
		{86219B05-7691-07B5-6AD3-8C651E0C3C0F}.Debug|Any CPU.Build.0 = Debug|Any CPU
		{86219B05-7691-07B5-6AD3-8C651E0C3C0F}.Release|Any CPU.ActiveCfg = Release|Any CPU
		{86219B05-7691-07B5-6AD3-8C651E0C3C0F}.Release|Any CPU.Build.0 = Release|Any CPU
		{F06828C4-0554-1043-B01E-8CF49BE0068C}.Debug|Any CPU.ActiveCfg = Debug|Any CPU
		{F06828C4-0554-1043-B01E-8CF49BE0068C}.Debug|Any CPU.Build.0 = Debug|Any CPU
		{F06828C4-0554-1043-B01E-8CF49BE0068C}.Release|Any CPU.ActiveCfg = Release|Any CPU
		{F06828C4-0554-1043-B01E-8CF49BE0068C}.Release|Any CPU.Build.0 = Release|Any CPU
		{BDC7C670-F723-A6D9-B9FE-B5D2CE60001B}.Debug|Any CPU.ActiveCfg = Debug|Any CPU
		{BDC7C670-F723-A6D9-B9FE-B5D2CE60001B}.Debug|Any CPU.Build.0 = Debug|Any CPU
		{BDC7C670-F723-A6D9-B9FE-B5D2CE60001B}.Release|Any CPU.ActiveCfg = Release|Any CPU
		{BDC7C670-F723-A6D9-B9FE-B5D2CE60001B}.Release|Any CPU.Build.0 = Release|Any CPU
		{7A7ED8EA-D2D2-4A66-0BC2-DA7EDCF95DE5}.Debug|Any CPU.ActiveCfg = Debug|Any CPU
		{7A7ED8EA-D2D2-4A66-0BC2-DA7EDCF95DE5}.Debug|Any CPU.Build.0 = Debug|Any CPU
		{7A7ED8EA-D2D2-4A66-0BC2-DA7EDCF95DE5}.Release|Any CPU.ActiveCfg = Release|Any CPU
		{7A7ED8EA-D2D2-4A66-0BC2-DA7EDCF95DE5}.Release|Any CPU.Build.0 = Release|Any CPU
		{FD6088E3-C474-2396-EA53-FD4E926B5A6C}.Debug|Any CPU.ActiveCfg = Debug|Any CPU
		{FD6088E3-C474-2396-EA53-FD4E926B5A6C}.Debug|Any CPU.Build.0 = Debug|Any CPU
		{FD6088E3-C474-2396-EA53-FD4E926B5A6C}.Release|Any CPU.ActiveCfg = Release|Any CPU
		{FD6088E3-C474-2396-EA53-FD4E926B5A6C}.Release|Any CPU.Build.0 = Release|Any CPU
		{FBE16B88-8E35-D713-B442-47699ABA327D}.Debug|Any CPU.ActiveCfg = Debug|Any CPU
		{FBE16B88-8E35-D713-B442-47699ABA327D}.Debug|Any CPU.Build.0 = Debug|Any CPU
		{FBE16B88-8E35-D713-B442-47699ABA327D}.Release|Any CPU.ActiveCfg = Release|Any CPU
		{FBE16B88-8E35-D713-B442-47699ABA327D}.Release|Any CPU.Build.0 = Release|Any CPU
		{E56029DD-5F84-2994-6FEC-28D42AE09CF4}.Debug|Any CPU.ActiveCfg = Debug|Any CPU
		{E56029DD-5F84-2994-6FEC-28D42AE09CF4}.Debug|Any CPU.Build.0 = Debug|Any CPU
		{E56029DD-5F84-2994-6FEC-28D42AE09CF4}.Release|Any CPU.ActiveCfg = Release|Any CPU
		{E56029DD-5F84-2994-6FEC-28D42AE09CF4}.Release|Any CPU.Build.0 = Release|Any CPU
		{DE5F2D01-4C2F-1389-AB2A-2BC31A58FAED}.Debug|Any CPU.ActiveCfg = Debug|Any CPU
		{DE5F2D01-4C2F-1389-AB2A-2BC31A58FAED}.Debug|Any CPU.Build.0 = Debug|Any CPU
		{DE5F2D01-4C2F-1389-AB2A-2BC31A58FAED}.Release|Any CPU.ActiveCfg = Release|Any CPU
		{DE5F2D01-4C2F-1389-AB2A-2BC31A58FAED}.Release|Any CPU.Build.0 = Release|Any CPU
		{4BCFA18D-020C-A34F-0870-55EE148596BA}.Debug|Any CPU.ActiveCfg = Debug|Any CPU
		{4BCFA18D-020C-A34F-0870-55EE148596BA}.Debug|Any CPU.Build.0 = Debug|Any CPU
		{4BCFA18D-020C-A34F-0870-55EE148596BA}.Release|Any CPU.ActiveCfg = Release|Any CPU
		{4BCFA18D-020C-A34F-0870-55EE148596BA}.Release|Any CPU.Build.0 = Release|Any CPU
		{39DD53F9-E3D1-6291-9C5D-FD136C62BB46}.Debug|Any CPU.ActiveCfg = Debug|Any CPU
		{39DD53F9-E3D1-6291-9C5D-FD136C62BB46}.Debug|Any CPU.Build.0 = Debug|Any CPU
		{39DD53F9-E3D1-6291-9C5D-FD136C62BB46}.Release|Any CPU.ActiveCfg = Release|Any CPU
		{39DD53F9-E3D1-6291-9C5D-FD136C62BB46}.Release|Any CPU.Build.0 = Release|Any CPU
		{F5F66FCF-AAAF-A773-B1AB-BAAF5DCCA332}.Debug|Any CPU.ActiveCfg = Debug|Any CPU
		{F5F66FCF-AAAF-A773-B1AB-BAAF5DCCA332}.Debug|Any CPU.Build.0 = Debug|Any CPU
		{F5F66FCF-AAAF-A773-B1AB-BAAF5DCCA332}.Release|Any CPU.ActiveCfg = Release|Any CPU
		{F5F66FCF-AAAF-A773-B1AB-BAAF5DCCA332}.Release|Any CPU.Build.0 = Release|Any CPU
	EndGlobalSection
	GlobalSection(SolutionProperties) = preSolution
		HideSolutionNode = FALSE
	EndGlobalSection
EndGlobal
