
Microsoft Visual Studio Solution File, Format Version 12.00
# Visual Studio 15
Project("{FAE04EC0-301F-11D3-BF4B-00C04F79EFBC}") = "Mirror.Examples", "Mirror.Examples.csproj", "{BD49F441-D0B5-E29E-9BF6-FF5BE4DC7A99}"
EndProject
Project("{FAE04EC0-301F-11D3-BF4B-00C04F79EFBC}") = "Mirror", "Mirror.csproj", "{B694186F-7372-7C77-E4D1-92711055407F}"
EndProject
Project("{FAE04EC0-301F-11D3-BF4B-00C04F79EFBC}") = "CFXREditor", "CFXREditor.csproj", "{37EC89B3-EC2F-AD78-5F98-257876FFFE93}"
EndProject
Project("{FAE04EC0-301F-11D3-BF4B-00C04F79EFBC}") = "Unity.Mirror.CodeGen", "Unity.Mirror.CodeGen.csproj", "{A4C0F354-3E28-B6ED-33AE-4E4C1890783A}"
EndProject
Project("{FAE04EC0-301F-11D3-BF4B-00C04F79EFBC}") = "CFXRRuntime", "CFXRRuntime.csproj", "{8B866254-D978-B0EA-4939-13C6E01698DB}"
EndProject
Project("{FAE04EC0-301F-11D3-BF4B-00C04F79EFBC}") = "Mirror.Components", "Mirror.Components.csproj", "{BAB6E67B-C8CB-CB14-0DB8-F203CB8E4A16}"
EndProject
Project("{FAE04EC0-301F-11D3-BF4B-00C04F79EFBC}") = "kcp2k", "kcp2k.csproj", "{AE96C61F-9B0D-980B-D6CA-2E683BA51CED}"
EndProject
Project("{FAE04EC0-301F-11D3-BF4B-00C04F79EFBC}") = "Mirror.Editor", "Mirror.Editor.csproj", "{108779D0-EE0F-8B32-6248-F6D9629A5D4E}"
EndProject
Project("{FAE04EC0-301F-11D3-BF4B-00C04F79EFBC}") = "Assembly-CSharp", "Assembly-CSharp.csproj", "{06684884-E968-4B2F-8C27-2A44E800C72C}"
EndProject
Project("{FAE04EC0-301F-11D3-BF4B-00C04F79EFBC}") = "Telepathy", "Telepathy.csproj", "{9EACCC62-4D0D-E6DB-6679-94734119B813}"
EndProject
Project("{FAE04EC0-301F-11D3-BF4B-00C04F79EFBC}") = "SimpleWebTransport", "SimpleWebTransport.csproj", "{70191912-235D-9DC2-7C1C-633E2A3893F6}"
EndProject
Project("{FAE04EC0-301F-11D3-BF4B-00C04F79EFBC}") = "CFXR.WelcomeScreen", "CFXR.WelcomeScreen.csproj", "{B7533D59-5B3C-6F5D-9104-8F98B5BA268E}"
EndProject
Project("{FAE04EC0-301F-11D3-BF4B-00C04F79EFBC}") = "Mirror.Authenticators", "Mirror.Authenticators.csproj", "{94D3C4EA-9220-D34A-3B5D-656FAFA5506C}"
EndProject
Project("{FAE04EC0-301F-11D3-BF4B-00C04F79EFBC}") = "CFXRDemo", "CFXRDemo.csproj", "{053A77DF-B4D4-C12A-6F0E-688EE47CC698}"
EndProject
Project("{FAE04EC0-301F-11D3-BF4B-00C04F79EFBC}") = "Mirror.Transports", "Mirror.Transports.csproj", "{8B7CB7A5-4E9A-19E3-AE7F-28B79B6F6950}"
EndProject
Project("{FAE04EC0-301F-11D3-BF4B-00C04F79EFBC}") = "ToonyColorsPro.Demo.Editor", "ToonyColorsPro.Demo.Editor.csproj", "{D5F7F243-B211-0CDC-F2ED-0CB48DC91046}"
EndProject
Project("{FAE04EC0-301F-11D3-BF4B-00C04F79EFBC}") = "Mirror.CompilerSymbols", "Mirror.CompilerSymbols.csproj", "{C9FDB823-B919-FF8F-E5D0-FB2070E316E4}"
EndProject
Project("{FAE04EC0-301F-11D3-BF4B-00C04F79EFBC}") = "KinoBloom.Runtime", "KinoBloom.Runtime.csproj", "{51F08150-08E9-82F9-C9BF-9C9BEF8632C8}"
EndProject
Global
	GlobalSection(SolutionConfigurationPlatforms) = preSolution
		Debug|Any CPU = Debug|Any CPU
		Release|Any CPU = Release|Any CPU
	EndGlobalSection
	GlobalSection(ProjectConfigurationPlatforms) = postSolution
		{BD49F441-D0B5-E29E-9BF6-FF5BE4DC7A99}.Debug|Any CPU.ActiveCfg = Debug|Any CPU
		{BD49F441-D0B5-E29E-9BF6-FF5BE4DC7A99}.Debug|Any CPU.Build.0 = Debug|Any CPU
		{BD49F441-D0B5-E29E-9BF6-FF5BE4DC7A99}.Release|Any CPU.ActiveCfg = Release|Any CPU
		{BD49F441-D0B5-E29E-9BF6-FF5BE4DC7A99}.Release|Any CPU.Build.0 = Release|Any CPU
		{B694186F-7372-7C77-E4D1-92711055407F}.Debug|Any CPU.ActiveCfg = Debug|Any CPU
		{B694186F-7372-7C77-E4D1-92711055407F}.Debug|Any CPU.Build.0 = Debug|Any CPU
		{B694186F-7372-7C77-E4D1-92711055407F}.Release|Any CPU.ActiveCfg = Release|Any CPU
		{B694186F-7372-7C77-E4D1-92711055407F}.Release|Any CPU.Build.0 = Release|Any CPU
		{37EC89B3-EC2F-AD78-5F98-257876FFFE93}.Debug|Any CPU.ActiveCfg = Debug|Any CPU
		{37EC89B3-EC2F-AD78-5F98-257876FFFE93}.Debug|Any CPU.Build.0 = Debug|Any CPU
		{37EC89B3-EC2F-AD78-5F98-257876FFFE93}.Release|Any CPU.ActiveCfg = Release|Any CPU
		{37EC89B3-EC2F-AD78-5F98-257876FFFE93}.Release|Any CPU.Build.0 = Release|Any CPU
		{A4C0F354-3E28-B6ED-33AE-4E4C1890783A}.Debug|Any CPU.ActiveCfg = Debug|Any CPU
		{A4C0F354-3E28-B6ED-33AE-4E4C1890783A}.Debug|Any CPU.Build.0 = Debug|Any CPU
		{A4C0F354-3E28-B6ED-33AE-4E4C1890783A}.Release|Any CPU.ActiveCfg = Release|Any CPU
		{A4C0F354-3E28-B6ED-33AE-4E4C1890783A}.Release|Any CPU.Build.0 = Release|Any CPU
		{8B866254-D978-B0EA-4939-13C6E01698DB}.Debug|Any CPU.ActiveCfg = Debug|Any CPU
		{8B866254-D978-B0EA-4939-13C6E01698DB}.Debug|Any CPU.Build.0 = Debug|Any CPU
		{8B866254-D978-B0EA-4939-13C6E01698DB}.Release|Any CPU.ActiveCfg = Release|Any CPU
		{8B866254-D978-B0EA-4939-13C6E01698DB}.Release|Any CPU.Build.0 = Release|Any CPU
		{BAB6E67B-C8CB-CB14-0DB8-F203CB8E4A16}.Debug|Any CPU.ActiveCfg = Debug|Any CPU
		{BAB6E67B-C8CB-CB14-0DB8-F203CB8E4A16}.Debug|Any CPU.Build.0 = Debug|Any CPU
		{BAB6E67B-C8CB-CB14-0DB8-F203CB8E4A16}.Release|Any CPU.ActiveCfg = Release|Any CPU
		{BAB6E67B-C8CB-CB14-0DB8-F203CB8E4A16}.Release|Any CPU.Build.0 = Release|Any CPU
		{AE96C61F-9B0D-980B-D6CA-2E683BA51CED}.Debug|Any CPU.ActiveCfg = Debug|Any CPU
		{AE96C61F-9B0D-980B-D6CA-2E683BA51CED}.Debug|Any CPU.Build.0 = Debug|Any CPU
		{AE96C61F-9B0D-980B-D6CA-2E683BA51CED}.Release|Any CPU.ActiveCfg = Release|Any CPU
		{AE96C61F-9B0D-980B-D6CA-2E683BA51CED}.Release|Any CPU.Build.0 = Release|Any CPU
		{108779D0-EE0F-8B32-6248-F6D9629A5D4E}.Debug|Any CPU.ActiveCfg = Debug|Any CPU
		{108779D0-EE0F-8B32-6248-F6D9629A5D4E}.Debug|Any CPU.Build.0 = Debug|Any CPU
		{108779D0-EE0F-8B32-6248-F6D9629A5D4E}.Release|Any CPU.ActiveCfg = Release|Any CPU
		{108779D0-EE0F-8B32-6248-F6D9629A5D4E}.Release|Any CPU.Build.0 = Release|Any CPU
		{06684884-E968-4B2F-8C27-2A44E800C72C}.Debug|Any CPU.ActiveCfg = Debug|Any CPU
		{06684884-E968-4B2F-8C27-2A44E800C72C}.Debug|Any CPU.Build.0 = Debug|Any CPU
		{06684884-E968-4B2F-8C27-2A44E800C72C}.Release|Any CPU.ActiveCfg = Release|Any CPU
		{06684884-E968-4B2F-8C27-2A44E800C72C}.Release|Any CPU.Build.0 = Release|Any CPU
		{9EACCC62-4D0D-E6DB-6679-94734119B813}.Debug|Any CPU.ActiveCfg = Debug|Any CPU
		{9EACCC62-4D0D-E6DB-6679-94734119B813}.Debug|Any CPU.Build.0 = Debug|Any CPU
		{9EACCC62-4D0D-E6DB-6679-94734119B813}.Release|Any CPU.ActiveCfg = Release|Any CPU
		{9EACCC62-4D0D-E6DB-6679-94734119B813}.Release|Any CPU.Build.0 = Release|Any CPU
		{70191912-235D-9DC2-7C1C-633E2A3893F6}.Debug|Any CPU.ActiveCfg = Debug|Any CPU
		{70191912-235D-9DC2-7C1C-633E2A3893F6}.Debug|Any CPU.Build.0 = Debug|Any CPU
		{70191912-235D-9DC2-7C1C-633E2A3893F6}.Release|Any CPU.ActiveCfg = Release|Any CPU
		{70191912-235D-9DC2-7C1C-633E2A3893F6}.Release|Any CPU.Build.0 = Release|Any CPU
		{B7533D59-5B3C-6F5D-9104-8F98B5BA268E}.Debug|Any CPU.ActiveCfg = Debug|Any CPU
		{B7533D59-5B3C-6F5D-9104-8F98B5BA268E}.Debug|Any CPU.Build.0 = Debug|Any CPU
		{B7533D59-5B3C-6F5D-9104-8F98B5BA268E}.Release|Any CPU.ActiveCfg = Release|Any CPU
		{B7533D59-5B3C-6F5D-9104-8F98B5BA268E}.Release|Any CPU.Build.0 = Release|Any CPU
		{94D3C4EA-9220-D34A-3B5D-656FAFA5506C}.Debug|Any CPU.ActiveCfg = Debug|Any CPU
		{94D3C4EA-9220-D34A-3B5D-656FAFA5506C}.Debug|Any CPU.Build.0 = Debug|Any CPU
		{94D3C4EA-9220-D34A-3B5D-656FAFA5506C}.Release|Any CPU.ActiveCfg = Release|Any CPU
		{94D3C4EA-9220-D34A-3B5D-656FAFA5506C}.Release|Any CPU.Build.0 = Release|Any CPU
		{053A77DF-B4D4-C12A-6F0E-688EE47CC698}.Debug|Any CPU.ActiveCfg = Debug|Any CPU
		{053A77DF-B4D4-C12A-6F0E-688EE47CC698}.Debug|Any CPU.Build.0 = Debug|Any CPU
		{053A77DF-B4D4-C12A-6F0E-688EE47CC698}.Release|Any CPU.ActiveCfg = Release|Any CPU
		{053A77DF-B4D4-C12A-6F0E-688EE47CC698}.Release|Any CPU.Build.0 = Release|Any CPU
		{8B7CB7A5-4E9A-19E3-AE7F-28B79B6F6950}.Debug|Any CPU.ActiveCfg = Debug|Any CPU
		{8B7CB7A5-4E9A-19E3-AE7F-28B79B6F6950}.Debug|Any CPU.Build.0 = Debug|Any CPU
		{8B7CB7A5-4E9A-19E3-AE7F-28B79B6F6950}.Release|Any CPU.ActiveCfg = Release|Any CPU
		{8B7CB7A5-4E9A-19E3-AE7F-28B79B6F6950}.Release|Any CPU.Build.0 = Release|Any CPU
		{D5F7F243-B211-0CDC-F2ED-0CB48DC91046}.Debug|Any CPU.ActiveCfg = Debug|Any CPU
		{D5F7F243-B211-0CDC-F2ED-0CB48DC91046}.Debug|Any CPU.Build.0 = Debug|Any CPU
		{D5F7F243-B211-0CDC-F2ED-0CB48DC91046}.Release|Any CPU.ActiveCfg = Release|Any CPU
		{D5F7F243-B211-0CDC-F2ED-0CB48DC91046}.Release|Any CPU.Build.0 = Release|Any CPU
		{C9FDB823-B919-FF8F-E5D0-FB2070E316E4}.Debug|Any CPU.ActiveCfg = Debug|Any CPU
		{C9FDB823-B919-FF8F-E5D0-FB2070E316E4}.Debug|Any CPU.Build.0 = Debug|Any CPU
		{C9FDB823-B919-FF8F-E5D0-FB2070E316E4}.Release|Any CPU.ActiveCfg = Release|Any CPU
		{C9FDB823-B919-FF8F-E5D0-FB2070E316E4}.Release|Any CPU.Build.0 = Release|Any CPU
		{51F08150-08E9-82F9-C9BF-9C9BEF8632C8}.Debug|Any CPU.ActiveCfg = Debug|Any CPU
		{51F08150-08E9-82F9-C9BF-9C9BEF8632C8}.Debug|Any CPU.Build.0 = Debug|Any CPU
		{51F08150-08E9-82F9-C9BF-9C9BEF8632C8}.Release|Any CPU.ActiveCfg = Release|Any CPU
		{51F08150-08E9-82F9-C9BF-9C9BEF8632C8}.Release|Any CPU.Build.0 = Release|Any CPU
	EndGlobalSection
	GlobalSection(SolutionProperties) = preSolution
		HideSolutionNode = FALSE
	EndGlobalSection
EndGlobal
